
Microsoft Visual Studio Solution File, Format Version 12.00
Project("{FAE04EC0-301F-11D3-BF4B-00C04F79EFBC}") = "BlinkStickCore", "BlinkStickCore\BlinkStickCore.csproj", "{DD4A3101-1EED-4634-AC1D-2E7CF45CB111}"
EndProject
Project("{FAE04EC0-301F-11D3-BF4B-00C04F79EFBC}") = "IntegrationTests", "IntegrationTests\IntegrationTests.csproj", "{69424629-34EF-4504-8430-B41AB76CEEAC}"
EndProject
Project("{2150E333-8FDC-42A3-9474-1A3956D46DE8}") = "Examples", "Examples", "{A5055B26-9835-4D76-A193-D570979B6E89}"
EndProject
Project("{FAE04EC0-301F-11D3-BF4B-00C04F79EFBC}") = "BlinkTest", "Examples\BlinkTest\BlinkTest.csproj", "{B24225D8-DA6E-4144-A732-F37F52255C44}"
EndProject
Global
	GlobalSection(SolutionConfigurationPlatforms) = preSolution
		Debug|Any CPU = Debug|Any CPU
		Release|Any CPU = Release|Any CPU
	EndGlobalSection
	GlobalSection(ProjectConfigurationPlatforms) = postSolution
		{DD4A3101-1EED-4634-AC1D-2E7CF45CB111}.Debug|Any CPU.ActiveCfg = Debug|Any CPU
		{DD4A3101-1EED-4634-AC1D-2E7CF45CB111}.Debug|Any CPU.Build.0 = Debug|Any CPU
		{DD4A3101-1EED-4634-AC1D-2E7CF45CB111}.Release|Any CPU.ActiveCfg = Release|Any CPU
		{DD4A3101-1EED-4634-AC1D-2E7CF45CB111}.Release|Any CPU.Build.0 = Release|Any CPU
		{69424629-34EF-4504-8430-B41AB76CEEAC}.Debug|Any CPU.ActiveCfg = Debug|Any CPU
		{69424629-34EF-4504-8430-B41AB76CEEAC}.Debug|Any CPU.Build.0 = Debug|Any CPU
		{69424629-34EF-4504-8430-B41AB76CEEAC}.Release|Any CPU.ActiveCfg = Release|Any CPU
		{69424629-34EF-4504-8430-B41AB76CEEAC}.Release|Any CPU.Build.0 = Release|Any CPU
		{B24225D8-DA6E-4144-A732-F37F52255C44}.Debug|Any CPU.ActiveCfg = Debug|Any CPU
		{B24225D8-DA6E-4144-A732-F37F52255C44}.Debug|Any CPU.Build.0 = Debug|Any CPU
		{B24225D8-DA6E-4144-A732-F37F52255C44}.Release|Any CPU.ActiveCfg = Release|Any CPU
		{B24225D8-DA6E-4144-A732-F37F52255C44}.Release|Any CPU.Build.0 = Release|Any CPU
	EndGlobalSection
	GlobalSection(NestedProjects) = preSolution
		{B24225D8-DA6E-4144-A732-F37F52255C44} = {A5055B26-9835-4D76-A193-D570979B6E89}
	EndGlobalSection
EndGlobal
